
Microsoft Visual Studio Solution File, Format Version 12.00
# Visual Studio Version 17
VisualStudioVersion = 17.14.37111.16 d17.14
MinimumVisualStudioVersion = 10.0.40219.1
Project("{FAE04EC0-301F-11D3-BF4B-00C04F79EFBC}") = "UniDocs", "UniDocs\UniDocs.csproj", "{B4352965-EE21-49FE-91DC-0C161A28CB26}"
EndProject
Global
	GlobalSection(SolutionConfigurationPlatforms) = preSolution
		Debug|Any CPU = Debug|Any CPU
		Release|Any CPU = Release|Any CPU
	EndGlobalSection
	GlobalSection(ProjectConfigurationPlatforms) = postSolution
		{B4352965-EE21-49FE-91DC-0C161A28CB26}.Debug|Any CPU.ActiveCfg = Debug|Any CPU
		{B4352965-EE21-49FE-91DC-0C161A28CB26}.Debug|Any CPU.Build.0 = Debug|Any CPU
		{B4352965-EE21-49FE-91DC-0C161A28CB26}.Release|Any CPU.ActiveCfg = Release|Any CPU
		{B4352965-EE21-49FE-91DC-0C161A28CB26}.Release|Any CPU.Build.0 = Release|Any CPU
	EndGlobalSection
	GlobalSection(SolutionProperties) = preSolution
		HideSolutionNode = FALSE
	EndGlobalSection
	GlobalSection(ExtensibilityGlobals) = postSolution
		SolutionGuid = {FE4CC7CE-EFAB-407A-AA14-300D5EAF0D60}
	EndGlobalSection
EndGlobal
